
Microsoft Visual Studio Solution File, Format Version 12.00
# Visual Studio Version 17
VisualStudioVersion = 17.6.33723.286
MinimumVisualStudioVersion = 10.0.40219.1
Project("{FAE04EC0-301F-11D3-BF4B-00C04F79EFBC}") = "ASP.NETCORE_PROJECT", "ASP.NETCORE_PROJECT\ASP.NETCORE_PROJECT.csproj", "{BD175438-FA9C-4B11-8E04-350CD2CCBD18}"
EndProject
Global
	GlobalSection(SolutionConfigurationPlatforms) = preSolution
		Debug|Any CPU = Debug|Any CPU
		Release|Any CPU = Release|Any CPU
	EndGlobalSection
	GlobalSection(ProjectConfigurationPlatforms) = postSolution
		{BD175438-FA9C-4B11-8E04-350CD2CCBD18}.Debug|Any CPU.ActiveCfg = Debug|Any CPU
		{BD175438-FA9C-4B11-8E04-350CD2CCBD18}.Debug|Any CPU.Build.0 = Debug|Any CPU
		{BD175438-FA9C-4B11-8E04-350CD2CCBD18}.Release|Any CPU.ActiveCfg = Release|Any CPU
		{BD175438-FA9C-4B11-8E04-350CD2CCBD18}.Release|Any CPU.Build.0 = Release|Any CPU
	EndGlobalSection
	GlobalSection(SolutionProperties) = preSolution
		HideSolutionNode = FALSE
	EndGlobalSection
	GlobalSection(ExtensibilityGlobals) = postSolution
		SolutionGuid = {B8CFBD16-3973-4E79-B6EC-20188951ADA4}
	EndGlobalSection
EndGlobal
